
Microsoft Visual Studio Solution File, Format Version 12.00
# Visual Studio Version 17
VisualStudioVersion = 17.9.34728.123
MinimumVisualStudioVersion = 10.0.40219.1
Project("{FAE04EC0-301F-11D3-BF4B-00C04F79EFBC}") = "OOP3", "OOP3\OOP3.csproj", "{5D935215-7A90-4BF5-8A8B-8CF138698F1A}"
EndProject
Global
	GlobalSection(SolutionConfigurationPlatforms) = preSolution
		Debug|Any CPU = Debug|Any CPU
		Release|Any CPU = Release|Any CPU
	EndGlobalSection
	GlobalSection(ProjectConfigurationPlatforms) = postSolution
		{5D935215-7A90-4BF5-8A8B-8CF138698F1A}.Debug|Any CPU.ActiveCfg = Debug|Any CPU
		{5D935215-7A90-4BF5-8A8B-8CF138698F1A}.Debug|Any CPU.Build.0 = Debug|Any CPU
		{5D935215-7A90-4BF5-8A8B-8CF138698F1A}.Release|Any CPU.ActiveCfg = Release|Any CPU
		{5D935215-7A90-4BF5-8A8B-8CF138698F1A}.Release|Any CPU.Build.0 = Release|Any CPU
	EndGlobalSection
	GlobalSection(SolutionProperties) = preSolution
		HideSolutionNode = FALSE
	EndGlobalSection
	GlobalSection(ExtensibilityGlobals) = postSolution
		SolutionGuid = {D9C6C590-1911-481F-B799-B63B10E2C9BE}
	EndGlobalSection
EndGlobal
